{
  "nodes": {
    "nix-pills": {
      "flake": false,
      "info": {
        "lastModified": 1591343853,
        "narHash": "sha256-kbUF0LGevV8ooBInyJYBDsXI3wGxT9PxJqOC7e2scjo="
      },
      "locked": {
        "owner": "NixOS",
        "repo": "nix-pills",
        "rev": "f280712c4221da91b425df99a765b2daa3b51e3a",
        "type": "github"
      },
      "original": {
        "owner": "NixOS",
        "repo": "nix-pills",
        "type": "github"
      }
    },
    "nixpkgs": {
      "info": {
        "lastModified": 1591564272,
        "narHash": "sha256-Z+4hmPx21+vYx9jp19+3jaT/Whl8IzmH1G/fGyFv7FY="
      },
      "locked": {
        "owner": "NixOS",
        "repo": "nixpkgs",
        "rev": "e2bb73ce5f786b83e984b80199112f86b8a6cc9d",
        "type": "github"
      },
      "original": {
        "id": "nixpkgs",
        "ref": "nixos-20.03",
        "type": "indirect"
      }
    },
    "released-nix": {
      "flake": false,
      "info": {
        "lastModified": 1591132159,
        "narHash": "sha256-gGvfd+JoCb4+ZmiP59GGv4Xfaq2/s+Gi3ZQztPpRSiM="
      },
      "locked": {
        "owner": "nixos",
        "repo": "nix",
        "rev": "d2008f2fff4b71c775b4b5cdecaff0d7a4ebec85",
        "type": "github"
      },
      "original": {
        "owner": "nixos",
        "ref": "latest-release",
        "repo": "nix",
        "type": "github"
      }
    },
    "released-nixpkgs": {
      "info": {
        "lastModified": 1591993820,
        "narHash": "sha256-GStGs4mSOzqUpR4aHhEiikmQiMsdJYKo/yUKbNc+ssg="
      },
      "locked": {
        "owner": "NixOS",
        "repo": "nixpkgs",
        "rev": "db31e48c5c8d99dcaf4e5883a96181f6ac4ad6f6",
        "type": "github"
      },
      "original": {
        "id": "nixpkgs",
        "ref": "nixos-20.03",
        "type": "indirect"
      }
    },
    "root": {
      "inputs": {
        "nix-pills": "nix-pills",
        "nixpkgs": "nixpkgs",
        "released-nix": "released-nix",
        "released-nixpkgs": "released-nixpkgs"
      }
    }
  },
  "root": "root",
  "version": 5
}
