{
  "inputs": {
    "nix": {
      "info": {
        "lastModified": 1584121007,
        "narHash": "sha256-ZJoWby4j2vhWxnZeIv9wM3SOVYhO0m1jN97BY1InScY="
      },
      "inputs": {
        "nixpkgs": {
          "info": {
            "lastModified": 1580555706,
            "narHash": "sha256-ly5Gxl9yZgW2w1F3aDU5bvg34Ct+juUaOg8vue+Mkbo="
          },
          "inputs": {},
          "locked": {
            "owner": "edolstra",
            "repo": "nixpkgs",
            "rev": "43e283790fbe330b723ac44b584824cf6d85c1ee",
            "type": "github"
          },
          "original": {
            "id": "nixpkgs",
            "ref": "release-19.09",
            "type": "indirect"
          }
        }
      },
      "locked": {
        "owner": "NixOS",
        "repo": "nix",
        "rev": "7304f9f145456d53b9f7adcb6ba8ccc7b9885f23",
        "type": "github"
      },
      "original": {
        "id": "nix",
        "type": "indirect"
      }
    },
    "nix-pills": {
      "flake": false,
      "info": {
        "lastModified": 1583819478,
        "narHash": "sha256-hXQv5HmU9rJ+LOQVvUjfN2jbn1TfUMhZu+SY8sub4XE="
      },
      "inputs": {},
      "locked": {
        "owner": "NixOS",
        "repo": "nix-pills",
        "rev": "c3a2df2160be35ed2a511ad52b240a20ee527f43",
        "type": "github"
      },
      "original": {
        "owner": "NixOS",
        "repo": "nix-pills",
        "type": "github"
      }
    },
    "nixpkgsStable": {
      "info": {
        "lastModified": 1583402222,
        "narHash": "sha256-j7WJlbJD7AO8mhtAMvsqvAFxCprYzg234H8QPaQEWgE="
      },
      "inputs": {},
      "locked": {
        "owner": "edolstra",
        "repo": "nixpkgs",
        "rev": "54a27fb2fc5fbd8927f9f6dc77fe1de1faa05266",
        "type": "github"
      },
      "original": {
        "id": "nixpkgs",
        "ref": "release-19.09",
        "type": "indirect"
      }
    },
    "nixpkgsUnstable": {
      "info": {
        "lastModified": 1584192800,
        "narHash": "sha256-XlCflTP9upXzmPgH7lxX6HIdB2/lwcgZJFmTT9hYi1c="
      },
      "inputs": {},
      "locked": {
        "owner": "NixOS",
        "repo": "nixpkgs",
        "rev": "93144e0f4a5b21f561e4adda8a73d477d069b703",
        "type": "github"
      },
      "original": {
        "id": "nixpkgs",
        "ref": "master",
        "type": "indirect"
      }
    }
  },
  "version": 4
}
