name: 'Update flake.lock'
on:
  workflow_dispatch: # allows manual triggering
  schedule:
    - cron: '0 0 * * 0' # runs weekly on Sunday at 00:00

permissions:
  contents: read

jobs:
  lockfile:
    name: 'Update flake.lock'
    runs-on: 'ubuntu-latest'
    permissions:
      contents: write # used to update the lock file
      pull-requests: write # used to create a PR if needed
    steps:
      - name: 'Checkout repository'
        uses: 'actions/checkout@93cb6efe18208431cddfb8368fd83d5badbf9bfd' # v5.0.1
        with:
          fetch-depth: 0
          persist-credentials: false

      - name: 'Install Nix'
        uses: 'cachix/install-nix-action@0b0e072294b088b73964f1d72dfdac0951439dbd' # v31.8.4
        with:
          extra_nix_config: |
            access-tokens = github.com=${{ secrets.GITHUB_TOKEN }}

      - name: 'Update flake.lock'
        uses: 'DeterminateSystems/update-flake-lock@c5930b397a673a70ca70be06020e943aeac310a1' # v27
